github.com/GeertJohan/go.linenoise v0.0.0-20141120151038-1918ff89d613 h1:6icnpgpfaYbNFPvsZHrIPhUqNbubaeikWdpMdj40kp0=
github.com/GeertJohan/go.linenoise v0.0.0-20141120151038-1918ff89d613/go.mod h1:hjDAY2N/A6k4IInagcBqLG/q8SyECV6TDzEu5dY0Mwg=
github.com/robertkrimen/otto v0.0.0-20191219234010-c382bd3c16ff h1:+6NUiITWwE5q1KO6SAfUX918c+Tab0+tGAM/mtdlUyA=
github.com/robertkrimen/otto v0.0.0-20191219234010-c382bd3c16ff/go.mod h1:xvqspoSXJTIpemEonrMDFq6XzwHYYgToXWj5eRX1OtY=
github.com/vova616/go-openal v0.0.0-20130426113146-5b719039c80d h1:fLEKT4AjMnMygrAwplwFgHowq8EZ0+ga0yUNiuc+lmQ=
github.com/vova616/go-openal v0.0.0-20130426113146-5b719039c80d/go.mod h1:CWWWW8gLSHEF2FNeeitGlXY/dpoMadU0++vKC1wm+D0=
gopkg.in/sourcemap.v1 v1.0.5 h1:inv58fC9f9J3TK2Y2R1NPntXEn3/wjWHkonhIUODNTI=
gopkg.in/sourcemap.v1 v1.0.5/go.mod h1:2RlvNNSMglmRrcvhfuzp4hQHwOtjxlbjX7UPY/GXb78=
